
Microsoft Visual Studio Solution File, Format Version 12.00
# Visual Studio 15
VisualStudioVersion = 15.0.26730.3
MinimumVisualStudioVersion = 10.0.40219.1
Project("{A07B5EB6-E848-4116-A8D0-A826331D98C6}") = "Realize.BackendServices", "Realize.BackendServices\Realize.BackendServices.sfproj", "{A6379F15-05CA-4317-A926-E0FD437DEDE9}"
EndProject
Project("{9A19103F-16F7-4668-BE54-9A1E7A4F7556}") = "Realize.BackendServices.Api", "Realize.BackendServices.Api\Realize.BackendServices.Api.csproj", "{34B9EABE-601F-47BA-8D5E-415C855FCB5B}"
EndProject
Project("{2150E333-8FDC-42A3-9474-1A3956D46DE8}") = "Apis", "Apis", "{57C5D60C-B1BB-4E59-B15B-30CF645FE5F7}"
EndProject
Project("{2150E333-8FDC-42A3-9474-1A3956D46DE8}") = "Batches", "Batches", "{550B89E6-0E9E-4765-9C2D-48BCFD7E60D4}"
EndProject
Project("{FAE04EC0-301F-11D3-BF4B-00C04F79EFBC}") = "Realize.BackendServices.BatchManager", "Realize.BackendServices.BatchManager\Realize.BackendServices.BatchManager.csproj", "{5945889A-E834-4257-89DF-AEF31C416F0F}"
EndProject
Project("{FAE04EC0-301F-11D3-BF4B-00C04F79EFBC}") = "Realize.BackendServices.Core", "Realize.BackendServices.Core\Realize.BackendServices.Core.csproj", "{FFEBFB51-DBAF-4D18-8010-D1754D8CA5C3}"
EndProject
Project("{FAE04EC0-301F-11D3-BF4B-00C04F79EFBC}") = "Realize", "..\..\REALIZE\Realize\Realize.csproj", "{6AE2BFD5-82B4-48F2-98D4-13934A96C573}"
EndProject
Global
	GlobalSection(SolutionConfigurationPlatforms) = preSolution
		Debug|Any CPU = Debug|Any CPU
		Debug|x64 = Debug|x64
		dev01|Any CPU = dev01|Any CPU
		dev01|x64 = dev01|x64
		dev02|Any CPU = dev02|Any CPU
		dev02|x64 = dev02|x64
		dev04|Any CPU = dev04|Any CPU
		dev04|x64 = dev04|x64
		fixerdev|Any CPU = fixerdev|Any CPU
		fixerdev|x64 = fixerdev|x64
		Release|Any CPU = Release|Any CPU
		Release|x64 = Release|x64
	EndGlobalSection
	GlobalSection(ProjectConfigurationPlatforms) = postSolution
		{A6379F15-05CA-4317-A926-E0FD437DEDE9}.Debug|Any CPU.ActiveCfg = Debug|x64
		{A6379F15-05CA-4317-A926-E0FD437DEDE9}.Debug|x64.ActiveCfg = Debug|x64
		{A6379F15-05CA-4317-A926-E0FD437DEDE9}.Debug|x64.Build.0 = Debug|x64
		{A6379F15-05CA-4317-A926-E0FD437DEDE9}.Debug|x64.Deploy.0 = Debug|x64
		{A6379F15-05CA-4317-A926-E0FD437DEDE9}.dev01|Any CPU.ActiveCfg = Release|x64
		{A6379F15-05CA-4317-A926-E0FD437DEDE9}.dev01|Any CPU.Build.0 = Release|x64
		{A6379F15-05CA-4317-A926-E0FD437DEDE9}.dev01|Any CPU.Deploy.0 = Release|x64
		{A6379F15-05CA-4317-A926-E0FD437DEDE9}.dev01|x64.ActiveCfg = Debug|x64
		{A6379F15-05CA-4317-A926-E0FD437DEDE9}.dev01|x64.Build.0 = Debug|x64
		{A6379F15-05CA-4317-A926-E0FD437DEDE9}.dev01|x64.Deploy.0 = Debug|x64
		{A6379F15-05CA-4317-A926-E0FD437DEDE9}.dev02|Any CPU.ActiveCfg = Release|x64
		{A6379F15-05CA-4317-A926-E0FD437DEDE9}.dev02|Any CPU.Build.0 = Release|x64
		{A6379F15-05CA-4317-A926-E0FD437DEDE9}.dev02|Any CPU.Deploy.0 = Release|x64
		{A6379F15-05CA-4317-A926-E0FD437DEDE9}.dev02|x64.ActiveCfg = Debug|x64
		{A6379F15-05CA-4317-A926-E0FD437DEDE9}.dev02|x64.Build.0 = Debug|x64
		{A6379F15-05CA-4317-A926-E0FD437DEDE9}.dev02|x64.Deploy.0 = Debug|x64
		{A6379F15-05CA-4317-A926-E0FD437DEDE9}.dev04|Any CPU.ActiveCfg = Release|x64
		{A6379F15-05CA-4317-A926-E0FD437DEDE9}.dev04|Any CPU.Build.0 = Release|x64
		{A6379F15-05CA-4317-A926-E0FD437DEDE9}.dev04|Any CPU.Deploy.0 = Release|x64
		{A6379F15-05CA-4317-A926-E0FD437DEDE9}.dev04|x64.ActiveCfg = Debug|x64
		{A6379F15-05CA-4317-A926-E0FD437DEDE9}.dev04|x64.Build.0 = Debug|x64
		{A6379F15-05CA-4317-A926-E0FD437DEDE9}.dev04|x64.Deploy.0 = Debug|x64
		{A6379F15-05CA-4317-A926-E0FD437DEDE9}.fixerdev|Any CPU.ActiveCfg = Release|x64
		{A6379F15-05CA-4317-A926-E0FD437DEDE9}.fixerdev|Any CPU.Build.0 = Release|x64
		{A6379F15-05CA-4317-A926-E0FD437DEDE9}.fixerdev|Any CPU.Deploy.0 = Release|x64
		{A6379F15-05CA-4317-A926-E0FD437DEDE9}.fixerdev|x64.ActiveCfg = Release|x64
		{A6379F15-05CA-4317-A926-E0FD437DEDE9}.fixerdev|x64.Build.0 = Release|x64
		{A6379F15-05CA-4317-A926-E0FD437DEDE9}.fixerdev|x64.Deploy.0 = Release|x64
		{A6379F15-05CA-4317-A926-E0FD437DEDE9}.Release|Any CPU.ActiveCfg = Release|x64
		{A6379F15-05CA-4317-A926-E0FD437DEDE9}.Release|x64.ActiveCfg = Release|x64
		{A6379F15-05CA-4317-A926-E0FD437DEDE9}.Release|x64.Build.0 = Release|x64
		{A6379F15-05CA-4317-A926-E0FD437DEDE9}.Release|x64.Deploy.0 = Release|x64
		{34B9EABE-601F-47BA-8D5E-415C855FCB5B}.Debug|Any CPU.ActiveCfg = Debug|Any CPU
		{34B9EABE-601F-47BA-8D5E-415C855FCB5B}.Debug|Any CPU.Build.0 = Debug|Any CPU
		{34B9EABE-601F-47BA-8D5E-415C855FCB5B}.Debug|x64.ActiveCfg = Debug|Any CPU
		{34B9EABE-601F-47BA-8D5E-415C855FCB5B}.Debug|x64.Build.0 = Debug|Any CPU
		{34B9EABE-601F-47BA-8D5E-415C855FCB5B}.dev01|Any CPU.ActiveCfg = Debug|Any CPU
		{34B9EABE-601F-47BA-8D5E-415C855FCB5B}.dev01|Any CPU.Build.0 = Debug|Any CPU
		{34B9EABE-601F-47BA-8D5E-415C855FCB5B}.dev01|x64.ActiveCfg = Debug|Any CPU
		{34B9EABE-601F-47BA-8D5E-415C855FCB5B}.dev01|x64.Build.0 = Debug|Any CPU
		{34B9EABE-601F-47BA-8D5E-415C855FCB5B}.dev02|Any CPU.ActiveCfg = Debug|Any CPU
		{34B9EABE-601F-47BA-8D5E-415C855FCB5B}.dev02|Any CPU.Build.0 = Debug|Any CPU
		{34B9EABE-601F-47BA-8D5E-415C855FCB5B}.dev02|x64.ActiveCfg = Debug|Any CPU
		{34B9EABE-601F-47BA-8D5E-415C855FCB5B}.dev02|x64.Build.0 = Debug|Any CPU
		{34B9EABE-601F-47BA-8D5E-415C855FCB5B}.dev04|Any CPU.ActiveCfg = Debug|Any CPU
		{34B9EABE-601F-47BA-8D5E-415C855FCB5B}.dev04|Any CPU.Build.0 = Debug|Any CPU
		{34B9EABE-601F-47BA-8D5E-415C855FCB5B}.dev04|x64.ActiveCfg = Debug|Any CPU
		{34B9EABE-601F-47BA-8D5E-415C855FCB5B}.dev04|x64.Build.0 = Debug|Any CPU
		{34B9EABE-601F-47BA-8D5E-415C855FCB5B}.fixerdev|Any CPU.ActiveCfg = Release|Any CPU
		{34B9EABE-601F-47BA-8D5E-415C855FCB5B}.fixerdev|Any CPU.Build.0 = Release|Any CPU
		{34B9EABE-601F-47BA-8D5E-415C855FCB5B}.fixerdev|x64.ActiveCfg = Release|Any CPU
		{34B9EABE-601F-47BA-8D5E-415C855FCB5B}.fixerdev|x64.Build.0 = Release|Any CPU
		{34B9EABE-601F-47BA-8D5E-415C855FCB5B}.Release|Any CPU.ActiveCfg = Release|Any CPU
		{34B9EABE-601F-47BA-8D5E-415C855FCB5B}.Release|Any CPU.Build.0 = Release|Any CPU
		{34B9EABE-601F-47BA-8D5E-415C855FCB5B}.Release|x64.ActiveCfg = Release|Any CPU
		{34B9EABE-601F-47BA-8D5E-415C855FCB5B}.Release|x64.Build.0 = Release|Any CPU
		{5945889A-E834-4257-89DF-AEF31C416F0F}.Debug|Any CPU.ActiveCfg = Debug|x64
		{5945889A-E834-4257-89DF-AEF31C416F0F}.Debug|x64.ActiveCfg = Debug|x64
		{5945889A-E834-4257-89DF-AEF31C416F0F}.Debug|x64.Build.0 = Debug|x64
		{5945889A-E834-4257-89DF-AEF31C416F0F}.dev01|Any CPU.ActiveCfg = Release|x64
		{5945889A-E834-4257-89DF-AEF31C416F0F}.dev01|Any CPU.Build.0 = Release|x64
		{5945889A-E834-4257-89DF-AEF31C416F0F}.dev01|x64.ActiveCfg = Debug|x64
		{5945889A-E834-4257-89DF-AEF31C416F0F}.dev01|x64.Build.0 = Debug|x64
		{5945889A-E834-4257-89DF-AEF31C416F0F}.dev02|Any CPU.ActiveCfg = Release|x64
		{5945889A-E834-4257-89DF-AEF31C416F0F}.dev02|Any CPU.Build.0 = Release|x64
		{5945889A-E834-4257-89DF-AEF31C416F0F}.dev02|x64.ActiveCfg = Debug|x64
		{5945889A-E834-4257-89DF-AEF31C416F0F}.dev02|x64.Build.0 = Debug|x64
		{5945889A-E834-4257-89DF-AEF31C416F0F}.dev04|Any CPU.ActiveCfg = Release|x64
		{5945889A-E834-4257-89DF-AEF31C416F0F}.dev04|Any CPU.Build.0 = Release|x64
		{5945889A-E834-4257-89DF-AEF31C416F0F}.dev04|x64.ActiveCfg = Debug|x64
		{5945889A-E834-4257-89DF-AEF31C416F0F}.dev04|x64.Build.0 = Debug|x64
		{5945889A-E834-4257-89DF-AEF31C416F0F}.fixerdev|Any CPU.ActiveCfg = Release|x64
		{5945889A-E834-4257-89DF-AEF31C416F0F}.fixerdev|Any CPU.Build.0 = Release|x64
		{5945889A-E834-4257-89DF-AEF31C416F0F}.fixerdev|x64.ActiveCfg = Release|x64
		{5945889A-E834-4257-89DF-AEF31C416F0F}.fixerdev|x64.Build.0 = Release|x64
		{5945889A-E834-4257-89DF-AEF31C416F0F}.Release|Any CPU.ActiveCfg = Release|x64
		{5945889A-E834-4257-89DF-AEF31C416F0F}.Release|x64.ActiveCfg = Release|x64
		{5945889A-E834-4257-89DF-AEF31C416F0F}.Release|x64.Build.0 = Release|x64
		{FFEBFB51-DBAF-4D18-8010-D1754D8CA5C3}.Debug|Any CPU.ActiveCfg = Debug|Any CPU
		{FFEBFB51-DBAF-4D18-8010-D1754D8CA5C3}.Debug|Any CPU.Build.0 = Debug|Any CPU
		{FFEBFB51-DBAF-4D18-8010-D1754D8CA5C3}.Debug|x64.ActiveCfg = Debug|Any CPU
		{FFEBFB51-DBAF-4D18-8010-D1754D8CA5C3}.Debug|x64.Build.0 = Debug|Any CPU
		{FFEBFB51-DBAF-4D18-8010-D1754D8CA5C3}.dev01|Any CPU.ActiveCfg = Debug|Any CPU
		{FFEBFB51-DBAF-4D18-8010-D1754D8CA5C3}.dev01|Any CPU.Build.0 = Debug|Any CPU
		{FFEBFB51-DBAF-4D18-8010-D1754D8CA5C3}.dev01|x64.ActiveCfg = Debug|Any CPU
		{FFEBFB51-DBAF-4D18-8010-D1754D8CA5C3}.dev01|x64.Build.0 = Debug|Any CPU
		{FFEBFB51-DBAF-4D18-8010-D1754D8CA5C3}.dev02|Any CPU.ActiveCfg = Debug|Any CPU
		{FFEBFB51-DBAF-4D18-8010-D1754D8CA5C3}.dev02|Any CPU.Build.0 = Debug|Any CPU
		{FFEBFB51-DBAF-4D18-8010-D1754D8CA5C3}.dev02|x64.ActiveCfg = Debug|Any CPU
		{FFEBFB51-DBAF-4D18-8010-D1754D8CA5C3}.dev02|x64.Build.0 = Debug|Any CPU
		{FFEBFB51-DBAF-4D18-8010-D1754D8CA5C3}.dev04|Any CPU.ActiveCfg = Debug|Any CPU
		{FFEBFB51-DBAF-4D18-8010-D1754D8CA5C3}.dev04|Any CPU.Build.0 = Debug|Any CPU
		{FFEBFB51-DBAF-4D18-8010-D1754D8CA5C3}.dev04|x64.ActiveCfg = Debug|Any CPU
		{FFEBFB51-DBAF-4D18-8010-D1754D8CA5C3}.dev04|x64.Build.0 = Debug|Any CPU
		{FFEBFB51-DBAF-4D18-8010-D1754D8CA5C3}.fixerdev|Any CPU.ActiveCfg = Release|Any CPU
		{FFEBFB51-DBAF-4D18-8010-D1754D8CA5C3}.fixerdev|Any CPU.Build.0 = Release|Any CPU
		{FFEBFB51-DBAF-4D18-8010-D1754D8CA5C3}.fixerdev|x64.ActiveCfg = Release|Any CPU
		{FFEBFB51-DBAF-4D18-8010-D1754D8CA5C3}.fixerdev|x64.Build.0 = Release|Any CPU
		{FFEBFB51-DBAF-4D18-8010-D1754D8CA5C3}.Release|Any CPU.ActiveCfg = Release|Any CPU
		{FFEBFB51-DBAF-4D18-8010-D1754D8CA5C3}.Release|Any CPU.Build.0 = Release|Any CPU
		{FFEBFB51-DBAF-4D18-8010-D1754D8CA5C3}.Release|x64.ActiveCfg = Release|Any CPU
		{FFEBFB51-DBAF-4D18-8010-D1754D8CA5C3}.Release|x64.Build.0 = Release|Any CPU
		{6AE2BFD5-82B4-48F2-98D4-13934A96C573}.Debug|Any CPU.ActiveCfg = Debug|Any CPU
		{6AE2BFD5-82B4-48F2-98D4-13934A96C573}.Debug|Any CPU.Build.0 = Debug|Any CPU
		{6AE2BFD5-82B4-48F2-98D4-13934A96C573}.Debug|x64.ActiveCfg = Debug|Any CPU
		{6AE2BFD5-82B4-48F2-98D4-13934A96C573}.Debug|x64.Build.0 = Debug|Any CPU
		{6AE2BFD5-82B4-48F2-98D4-13934A96C573}.dev01|Any CPU.ActiveCfg = dev01|Any CPU
		{6AE2BFD5-82B4-48F2-98D4-13934A96C573}.dev01|Any CPU.Build.0 = dev01|Any CPU
		{6AE2BFD5-82B4-48F2-98D4-13934A96C573}.dev01|x64.ActiveCfg = dev01|Any CPU
		{6AE2BFD5-82B4-48F2-98D4-13934A96C573}.dev01|x64.Build.0 = dev01|Any CPU
		{6AE2BFD5-82B4-48F2-98D4-13934A96C573}.dev02|Any CPU.ActiveCfg = dev02|Any CPU
		{6AE2BFD5-82B4-48F2-98D4-13934A96C573}.dev02|Any CPU.Build.0 = dev02|Any CPU
		{6AE2BFD5-82B4-48F2-98D4-13934A96C573}.dev02|x64.ActiveCfg = dev02|Any CPU
		{6AE2BFD5-82B4-48F2-98D4-13934A96C573}.dev02|x64.Build.0 = dev02|Any CPU
		{6AE2BFD5-82B4-48F2-98D4-13934A96C573}.dev04|Any CPU.ActiveCfg = dev04|Any CPU
		{6AE2BFD5-82B4-48F2-98D4-13934A96C573}.dev04|Any CPU.Build.0 = dev04|Any CPU
		{6AE2BFD5-82B4-48F2-98D4-13934A96C573}.dev04|x64.ActiveCfg = dev04|Any CPU
		{6AE2BFD5-82B4-48F2-98D4-13934A96C573}.dev04|x64.Build.0 = dev04|Any CPU
		{6AE2BFD5-82B4-48F2-98D4-13934A96C573}.fixerdev|Any CPU.ActiveCfg = fixerdev|Any CPU
		{6AE2BFD5-82B4-48F2-98D4-13934A96C573}.fixerdev|Any CPU.Build.0 = fixerdev|Any CPU
		{6AE2BFD5-82B4-48F2-98D4-13934A96C573}.fixerdev|x64.ActiveCfg = fixerdev|Any CPU
		{6AE2BFD5-82B4-48F2-98D4-13934A96C573}.fixerdev|x64.Build.0 = fixerdev|Any CPU
		{6AE2BFD5-82B4-48F2-98D4-13934A96C573}.Release|Any CPU.ActiveCfg = Release|Any CPU
		{6AE2BFD5-82B4-48F2-98D4-13934A96C573}.Release|Any CPU.Build.0 = Release|Any CPU
		{6AE2BFD5-82B4-48F2-98D4-13934A96C573}.Release|x64.ActiveCfg = Release|Any CPU
		{6AE2BFD5-82B4-48F2-98D4-13934A96C573}.Release|x64.Build.0 = Release|Any CPU
	EndGlobalSection
	GlobalSection(SolutionProperties) = preSolution
		HideSolutionNode = FALSE
	EndGlobalSection
	GlobalSection(NestedProjects) = preSolution
		{34B9EABE-601F-47BA-8D5E-415C855FCB5B} = {57C5D60C-B1BB-4E59-B15B-30CF645FE5F7}
		{5945889A-E834-4257-89DF-AEF31C416F0F} = {550B89E6-0E9E-4765-9C2D-48BCFD7E60D4}
	EndGlobalSection
	GlobalSection(ExtensibilityGlobals) = postSolution
		SolutionGuid = {510F0DA7-78F4-440A-B09D-478F79A28D15}
	EndGlobalSection
EndGlobal
